golang.org/x/net v0.0.0-20180627171509-e514e69ffb8b h1:oXs/nlnyk1ue6g+mFGEHIuIaQIT28IgumdSIRMq2aJY=
golang.org/x/net v0.0.0-20180627171509-e514e69ffb8b/go.mod h1:mL1N/T3taQHkDXs73rZJwtUhF3w3ftmwwsq0BUmARs4=
golang.org/x/text v0.3.0 h1:g61tztE5qeGQ89tm6NTjjM9VPIm088od1l6aSorWRWg=
golang.org/x/text v0.3.0/go.mod h1:NqM8EUOU14njkJ3fqMW+pc6Ldnwhi/IjpwHt7yyuwOQ=
software.sslmate.com/src/go-pkcs12 v0.0.0-20190322163127-6e380ad96778 h1:bAjNYCeISA/jECGqIIIgnjfmpW5MxAwF/yfmy4RQWQ8=
software.sslmate.com/src/go-pkcs12 v0.0.0-20190322163127-6e380ad96778/go.mod h1:/xvNRWUqm0+/ZMiF4EX00vrSCMsE4/NHb+Pt3freEeQ=
